// !$*UTF8*$!
{
	archiveVersion = 1;
	classes = {
	};
	objectVersion = 46;
	objects = {

/* Begin PBXBuildFile section */
		1B8190701D1AFD4F000434DF /* LLYourGroupsTableViewController.m in Sources */ = {isa = PBXBuildFile; fileRef = 1B81906F1D1AFD4F000434DF /* LLYourGroupsTableViewController.m */; };
		1B8190731D1AFD9F000434DF /* DataModel.xcdatamodeld in Sources */ = {isa = PBXBuildFile; fileRef = 1B8190711D1AFD9F000434DF /* DataModel.xcdatamodeld */; };
		1B81907C1D1B00AB000434DF /* YourGroupsDataStore.m in Sources */ = {isa = PBXBuildFile; fileRef = 1B81907B1D1B00AB000434DF /* YourGroupsDataStore.m */; };
		1B81908B1D1B0FC4000434DF /* LLNameYourGroupViewController.m in Sources */ = {isa = PBXBuildFile; fileRef = 1B81908A1D1B0FC4000434DF /* LLNameYourGroupViewController.m */; };
		1B8190A01D1B1768000434DF /* Group+CoreDataProperties.m in Sources */ = {isa = PBXBuildFile; fileRef = 1B8190991D1B1768000434DF /* Group+CoreDataProperties.m */; };
		1B8190A11D1B1768000434DF /* Group.m in Sources */ = {isa = PBXBuildFile; fileRef = 1B81909B1D1B1768000434DF /* Group.m */; };
		1B8190A21D1B1768000434DF /* ChoiceOption+CoreDataProperties.m in Sources */ = {isa = PBXBuildFile; fileRef = 1B81909D1D1B1768000434DF /* ChoiceOption+CoreDataProperties.m */; };
		1B8190A31D1B1768000434DF /* ChoiceOption.m in Sources */ = {isa = PBXBuildFile; fileRef = 1B81909F1D1B1768000434DF /* ChoiceOption.m */; };
		1B8190A61D1B1927000434DF /* LLGroupChoiceOptionsTableViewController.m in Sources */ = {isa = PBXBuildFile; fileRef = 1B8190A51D1B1927000434DF /* LLGroupChoiceOptionsTableViewController.m */; };
		1B8190A91D1B22D4000434DF /* LLChoiceOptionTableViewCell.m in Sources */ = {isa = PBXBuildFile; fileRef = 1B8190A81D1B22D4000434DF /* LLChoiceOptionTableViewCell.m */; };
		1B8190AC1D1B897E000434DF /* LLHowManyViewController.m in Sources */ = {isa = PBXBuildFile; fileRef = 1B8190AB1D1B897E000434DF /* LLHowManyViewController.m */; };
		1B8190AF1D1B8CED000434DF /* LLShakeToChooseViewController.m in Sources */ = {isa = PBXBuildFile; fileRef = 1B8190AE1D1B8CED000434DF /* LLShakeToChooseViewController.m */; };
		1BE2C3CD1D14D6BD00AF9908 /* main.m in Sources */ = {isa = PBXBuildFile; fileRef = 1BE2C3CC1D14D6BD00AF9908 /* main.m */; };
		1BE2C3D01D14D6BD00AF9908 /* AppDelegate.m in Sources */ = {isa = PBXBuildFile; fileRef = 1BE2C3CF1D14D6BD00AF9908 /* AppDelegate.m */; };
		1BE2C3D61D14D6BD00AF9908 /* Main.storyboard in Resources */ = {isa = PBXBuildFile; fileRef = 1BE2C3D41D14D6BD00AF9908 /* Main.storyboard */; };
		1BE2C3D81D14D6BD00AF9908 /* Assets.xcassets in Resources */ = {isa = PBXBuildFile; fileRef = 1BE2C3D71D14D6BD00AF9908 /* Assets.xcassets */; };
		1BE2C3DB1D14D6BD00AF9908 /* LaunchScreen.storyboard in Resources */ = {isa = PBXBuildFile; fileRef = 1BE2C3D91D14D6BD00AF9908 /* LaunchScreen.storyboard */; };
		1BE2C3E31D14D70700AF9908 /* CoreMotion.framework in Frameworks */ = {isa = PBXBuildFile; fileRef = 1BE2C3E21D14D70700AF9908 /* CoreMotion.framework */; };
/* End PBXBuildFile section */

/* Begin PBXFileReference section */
		1B81906E1D1AFD4F000434DF /* LLYourGroupsTableViewController.h */ = {isa = PBXFileReference; fileEncoding = 4; lastKnownFileType = sourcecode.c.h; path = LLYourGroupsTableViewController.h; sourceTree = "<group>"; };
		1B81906F1D1AFD4F000434DF /* LLYourGroupsTableViewController.m */ = {isa = PBXFileReference; fileEncoding = 4; lastKnownFileType = sourcecode.c.objc; path = LLYourGroupsTableViewController.m; sourceTree = "<group>"; };
		1B8190721D1AFD9F000434DF /* DataModel.xcdatamodel */ = {isa = PBXFileReference; lastKnownFileType = wrapper.xcdatamodel; path = DataModel.xcdatamodel; sourceTree = "<group>"; };
		1B81907A1D1B00AB000434DF /* YourGroupsDataStore.h */ = {isa = PBXFileReference; fileEncoding = 4; lastKnownFileType = sourcecode.c.h; path = YourGroupsDataStore.h; sourceTree = "<group>"; };
		1B81907B1D1B00AB000434DF /* YourGroupsDataStore.m */ = {isa = PBXFileReference; fileEncoding = 4; lastKnownFileType = sourcecode.c.objc; path = YourGroupsDataStore.m; sourceTree = "<group>"; };
		1B8190891D1B0FC4000434DF /* LLNameYourGroupViewController.h */ = {isa = PBXFileReference; fileEncoding = 4; lastKnownFileType = sourcecode.c.h; path = LLNameYourGroupViewController.h; sourceTree = "<group>"; };
		1B81908A1D1B0FC4000434DF /* LLNameYourGroupViewController.m */ = {isa = PBXFileReference; fileEncoding = 4; lastKnownFileType = sourcecode.c.objc; path = LLNameYourGroupViewController.m; sourceTree = "<group>"; };
		1B8190981D1B1768000434DF /* Group+CoreDataProperties.h */ = {isa = PBXFileReference; fileEncoding = 4; lastKnownFileType = sourcecode.c.h; name = "Group+CoreDataProperties.h"; path = "../Group+CoreDataProperties.h"; sourceTree = "<group>"; };
		1B8190991D1B1768000434DF /* Group+CoreDataProperties.m */ = {isa = PBXFileReference; fileEncoding = 4; lastKnownFileType = sourcecode.c.objc; name = "Group+CoreDataProperties.m"; path = "../Group+CoreDataProperties.m"; sourceTree = "<group>"; };
		1B81909A1D1B1768000434DF /* Group.h */ = {isa = PBXFileReference; fileEncoding = 4; lastKnownFileType = sourcecode.c.h; name = Group.h; path = ../Group.h; sourceTree = "<group>"; };
		1B81909B1D1B1768000434DF /* Group.m */ = {isa = PBXFileReference; fileEncoding = 4; lastKnownFileType = sourcecode.c.objc; name = Group.m; path = ../Group.m; sourceTree = "<group>"; };
		1B81909C1D1B1768000434DF /* ChoiceOption+CoreDataProperties.h */ = {isa = PBXFileReference; fileEncoding = 4; lastKnownFileType = sourcecode.c.h; name = "ChoiceOption+CoreDataProperties.h"; path = "../ChoiceOption+CoreDataProperties.h"; sourceTree = "<group>"; };
		1B81909D1D1B1768000434DF /* ChoiceOption+CoreDataProperties.m */ = {isa = PBXFileReference; fileEncoding = 4; lastKnownFileType = sourcecode.c.objc; name = "ChoiceOption+CoreDataProperties.m"; path = "../ChoiceOption+CoreDataProperties.m"; sourceTree = "<group>"; };
		1B81909E1D1B1768000434DF /* ChoiceOption.h */ = {isa = PBXFileReference; fileEncoding = 4; lastKnownFileType = sourcecode.c.h; name = ChoiceOption.h; path = ../ChoiceOption.h; sourceTree = "<group>"; };
		1B81909F1D1B1768000434DF /* ChoiceOption.m */ = {isa = PBXFileReference; fileEncoding = 4; lastKnownFileType = sourcecode.c.objc; name = ChoiceOption.m; path = ../ChoiceOption.m; sourceTree = "<group>"; };
		1B8190A41D1B1927000434DF /* LLGroupChoiceOptionsTableViewController.h */ = {isa = PBXFileReference; fileEncoding = 4; lastKnownFileType = sourcecode.c.h; path = LLGroupChoiceOptionsTableViewController.h; sourceTree = "<group>"; };
		1B8190A51D1B1927000434DF /* LLGroupChoiceOptionsTableViewController.m */ = {isa = PBXFileReference; fileEncoding = 4; lastKnownFileType = sourcecode.c.objc; path = LLGroupChoiceOptionsTableViewController.m; sourceTree = "<group>"; };
		1B8190A71D1B22D4000434DF /* LLChoiceOptionTableViewCell.h */ = {isa = PBXFileReference; fileEncoding = 4; lastKnownFileType = sourcecode.c.h; path = LLChoiceOptionTableViewCell.h; sourceTree = "<group>"; };
		1B8190A81D1B22D4000434DF /* LLChoiceOptionTableViewCell.m */ = {isa = PBXFileReference; fileEncoding = 4; lastKnownFileType = sourcecode.c.objc; path = LLChoiceOptionTableViewCell.m; sourceTree = "<group>"; };
		1B8190AA1D1B897E000434DF /* LLHowManyViewController.h */ = {isa = PBXFileReference; fileEncoding = 4; lastKnownFileType = sourcecode.c.h; path = LLHowManyViewController.h; sourceTree = "<group>"; };
		1B8190AB1D1B897E000434DF /* LLHowManyViewController.m */ = {isa = PBXFileReference; fileEncoding = 4; lastKnownFileType = sourcecode.c.objc; path = LLHowManyViewController.m; sourceTree = "<group>"; };
		1B8190AD1D1B8CED000434DF /* LLShakeToChooseViewController.h */ = {isa = PBXFileReference; fileEncoding = 4; lastKnownFileType = sourcecode.c.h; path = LLShakeToChooseViewController.h; sourceTree = "<group>"; };
		1B8190AE1D1B8CED000434DF /* LLShakeToChooseViewController.m */ = {isa = PBXFileReference; fileEncoding = 4; lastKnownFileType = sourcecode.c.objc; path = LLShakeToChooseViewController.m; sourceTree = "<group>"; };
		1BE2C3C81D14D6BD00AF9908 /* VerCan'tPick.app */ = {isa = PBXFileReference; explicitFileType = wrapper.application; includeInIndex = 0; path = "VerCan'tPick.app"; sourceTree = BUILT_PRODUCTS_DIR; };
		1BE2C3CC1D14D6BD00AF9908 /* main.m */ = {isa = PBXFileReference; lastKnownFileType = sourcecode.c.objc; path = main.m; sourceTree = "<group>"; };
		1BE2C3CE1D14D6BD00AF9908 /* AppDelegate.h */ = {isa = PBXFileReference; lastKnownFileType = sourcecode.c.h; path = AppDelegate.h; sourceTree = "<group>"; };
		1BE2C3CF1D14D6BD00AF9908 /* AppDelegate.m */ = {isa = PBXFileReference; lastKnownFileType = sourcecode.c.objc; path = AppDelegate.m; sourceTree = "<group>"; };
		1BE2C3D51D14D6BD00AF9908 /* Base */ = {isa = PBXFileReference; lastKnownFileType = file.storyboard; name = Base; path = Base.lproj/Main.storyboard; sourceTree = "<group>"; };
		1BE2C3D71D14D6BD00AF9908 /* Assets.xcassets */ = {isa = PBXFileReference; lastKnownFileType = folder.assetcatalog; path = Assets.xcassets; sourceTree = "<group>"; };
		1BE2C3DA1D14D6BD00AF9908 /* Base */ = {isa = PBXFileReference; lastKnownFileType = file.storyboard; name = Base; path = Base.lproj/LaunchScreen.storyboard; sourceTree = "<group>"; };
		1BE2C3DC1D14D6BD00AF9908 /* Info.plist */ = {isa = PBXFileReference; lastKnownFileType = text.plist.xml; path = Info.plist; sourceTree = "<group>"; };
		1BE2C3E21D14D70700AF9908 /* CoreMotion.framework */ = {isa = PBXFileReference; lastKnownFileType = wrapper.framework; name = CoreMotion.framework; path = System/Library/Frameworks/CoreMotion.framework; sourceTree = SDKROOT; };
/* End PBXFileReference section */

/* Begin PBXFrameworksBuildPhase section */
		1BE2C3C51D14D6BD00AF9908 /* Frameworks */ = {
			isa = PBXFrameworksBuildPhase;
			buildActionMask = 2147483647;
			files = (
				1BE2C3E31D14D70700AF9908 /* CoreMotion.framework in Frameworks */,
			);
			runOnlyForDeploymentPostprocessing = 0;
		};
/* End PBXFrameworksBuildPhase section */

/* Begin PBXGroup section */
		1BE2C3BF1D14D6BD00AF9908 = {
			isa = PBXGroup;
			children = (
				1BE2C3CA1D14D6BD00AF9908 /* VerCan'tPick */,
				1BE2C3C91D14D6BD00AF9908 /* Products */,
				1BE2C3E21D14D70700AF9908 /* CoreMotion.framework */,
			);
			sourceTree = "<group>";
		};
		1BE2C3C91D14D6BD00AF9908 /* Products */ = {
			isa = PBXGroup;
			children = (
				1BE2C3C81D14D6BD00AF9908 /* VerCan'tPick.app */,
			);
			name = Products;
			sourceTree = "<group>";
		};
		1BE2C3CA1D14D6BD00AF9908 /* VerCan'tPick */ = {
			isa = PBXGroup;
			children = (
				1BE2C3CE1D14D6BD00AF9908 /* AppDelegate.h */,
				1BE2C3CF1D14D6BD00AF9908 /* AppDelegate.m */,
				1BE2C3D41D14D6BD00AF9908 /* Main.storyboard */,
				1BE2C3D91D14D6BD00AF9908 /* LaunchScreen.storyboard */,
				1BE2C3DC1D14D6BD00AF9908 /* Info.plist */,
				1B81906E1D1AFD4F000434DF /* LLYourGroupsTableViewController.h */,
				1B81906F1D1AFD4F000434DF /* LLYourGroupsTableViewController.m */,
				1B8190891D1B0FC4000434DF /* LLNameYourGroupViewController.h */,
				1B81908A1D1B0FC4000434DF /* LLNameYourGroupViewController.m */,
				1B81907A1D1B00AB000434DF /* YourGroupsDataStore.h */,
				1B81907B1D1B00AB000434DF /* YourGroupsDataStore.m */,
				1B8190711D1AFD9F000434DF /* DataModel.xcdatamodeld */,
				1B8190981D1B1768000434DF /* Group+CoreDataProperties.h */,
				1B8190991D1B1768000434DF /* Group+CoreDataProperties.m */,
				1B81909A1D1B1768000434DF /* Group.h */,
				1B81909B1D1B1768000434DF /* Group.m */,
				1B81909C1D1B1768000434DF /* ChoiceOption+CoreDataProperties.h */,
				1B81909D1D1B1768000434DF /* ChoiceOption+CoreDataProperties.m */,
				1B81909E1D1B1768000434DF /* ChoiceOption.h */,
				1B81909F1D1B1768000434DF /* ChoiceOption.m */,
				1BE2C3D71D14D6BD00AF9908 /* Assets.xcassets */,
				1BE2C3CB1D14D6BD00AF9908 /* Supporting Files */,
				1B8190A41D1B1927000434DF /* LLGroupChoiceOptionsTableViewController.h */,
				1B8190A51D1B1927000434DF /* LLGroupChoiceOptionsTableViewController.m */,
				1B8190A71D1B22D4000434DF /* LLChoiceOptionTableViewCell.h */,
				1B8190A81D1B22D4000434DF /* LLChoiceOptionTableViewCell.m */,
				1B8190AA1D1B897E000434DF /* LLHowManyViewController.h */,
				1B8190AB1D1B897E000434DF /* LLHowManyViewController.m */,
				1B8190AD1D1B8CED000434DF /* LLShakeToChooseViewController.h */,
				1B8190AE1D1B8CED000434DF /* LLShakeToChooseViewController.m */,
			);
			path = "VerCan'tPick";
			sourceTree = "<group>";
		};
		1BE2C3CB1D14D6BD00AF9908 /* Supporting Files */ = {
			isa = PBXGroup;
			children = (
				1BE2C3CC1D14D6BD00AF9908 /* main.m */,
			);
			name = "Supporting Files";
			sourceTree = "<group>";
		};
/* End PBXGroup section */

/* Begin PBXNativeTarget section */
		1BE2C3C71D14D6BD00AF9908 /* VerCan'tPick */ = {
			isa = PBXNativeTarget;
			buildConfigurationList = 1BE2C3DF1D14D6BD00AF9908 /* Build configuration list for PBXNativeTarget "VerCan'tPick" */;
			buildPhases = (
				1BE2C3C41D14D6BD00AF9908 /* Sources */,
				1BE2C3C51D14D6BD00AF9908 /* Frameworks */,
				1BE2C3C61D14D6BD00AF9908 /* Resources */,
			);
			buildRules = (
			);
			dependencies = (
			);
			name = "VerCan'tPick";
			productName = "VerCan'tPick";
			productReference = 1BE2C3C81D14D6BD00AF9908 /* VerCan'tPick.app */;
			productType = "com.apple.product-type.application";
		};
/* End PBXNativeTarget section */

/* Begin PBXProject section */
		1BE2C3C01D14D6BD00AF9908 /* Project object */ = {
			isa = PBXProject;
			attributes = {
				LastUpgradeCheck = 0730;
				ORGANIZATIONNAME = "Lisa Lee";
				TargetAttributes = {
					1BE2C3C71D14D6BD00AF9908 = {
						CreatedOnToolsVersion = 7.3.1;
						DevelopmentTeam = KXY9EDFTF5;
					};
				};
			};
			buildConfigurationList = 1BE2C3C31D14D6BD00AF9908 /* Build configuration list for PBXProject "VerCan'tPick" */;
			compatibilityVersion = "Xcode 3.2";
			developmentRegion = English;
			hasScannedForEncodings = 0;
			knownRegions = (
				en,
				Base,
			);
			mainGroup = 1BE2C3BF1D14D6BD00AF9908;
			productRefGroup = 1BE2C3C91D14D6BD00AF9908 /* Products */;
			projectDirPath = "";
			projectRoot = "";
			targets = (
				1BE2C3C71D14D6BD00AF9908 /* VerCan'tPick */,
			);
		};
/* End PBXProject section */

/* Begin PBXResourcesBuildPhase section */
		1BE2C3C61D14D6BD00AF9908 /* Resources */ = {
			isa = PBXResourcesBuildPhase;
			buildActionMask = 2147483647;
			files = (
				1BE2C3DB1D14D6BD00AF9908 /* LaunchScreen.storyboard in Resources */,
				1BE2C3D81D14D6BD00AF9908 /* Assets.xcassets in Resources */,
				1BE2C3D61D14D6BD00AF9908 /* Main.storyboard in Resources */,
			);
			runOnlyForDeploymentPostprocessing = 0;
		};
/* End PBXResourcesBuildPhase section */

/* Begin PBXSourcesBuildPhase section */
		1BE2C3C41D14D6BD00AF9908 /* Sources */ = {
			isa = PBXSourcesBuildPhase;
			buildActionMask = 2147483647;
			files = (
				1BE2C3D01D14D6BD00AF9908 /* AppDelegate.m in Sources */,
				1B8190A31D1B1768000434DF /* ChoiceOption.m in Sources */,
				1B81908B1D1B0FC4000434DF /* LLNameYourGroupViewController.m in Sources */,
				1B8190701D1AFD4F000434DF /* LLYourGroupsTableViewController.m in Sources */,
				1B81907C1D1B00AB000434DF /* YourGroupsDataStore.m in Sources */,
				1B8190A61D1B1927000434DF /* LLGroupChoiceOptionsTableViewController.m in Sources */,
				1B8190A21D1B1768000434DF /* ChoiceOption+CoreDataProperties.m in Sources */,
				1B8190AF1D1B8CED000434DF /* LLShakeToChooseViewController.m in Sources */,
				1B8190A91D1B22D4000434DF /* LLChoiceOptionTableViewCell.m in Sources */,
				1BE2C3CD1D14D6BD00AF9908 /* main.m in Sources */,
				1B8190731D1AFD9F000434DF /* DataModel.xcdatamodeld in Sources */,
				1B8190A01D1B1768000434DF /* Group+CoreDataProperties.m in Sources */,
				1B8190AC1D1B897E000434DF /* LLHowManyViewController.m in Sources */,
				1B8190A11D1B1768000434DF /* Group.m in Sources */,
			);
			runOnlyForDeploymentPostprocessing = 0;
		};
/* End PBXSourcesBuildPhase section */

/* Begin PBXVariantGroup section */
		1BE2C3D41D14D6BD00AF9908 /* Main.storyboard */ = {
			isa = PBXVariantGroup;
			children = (
				1BE2C3D51D14D6BD00AF9908 /* Base */,
			);
			name = Main.storyboard;
			sourceTree = "<group>";
		};
		1BE2C3D91D14D6BD00AF9908 /* LaunchScreen.storyboard */ = {
			isa = PBXVariantGroup;
			children = (
				1BE2C3DA1D14D6BD00AF9908 /* Base */,
			);
			name = LaunchScreen.storyboard;
			sourceTree = "<group>";
		};
/* End PBXVariantGroup section */

/* Begin XCBuildConfiguration section */
		1BE2C3DD1D14D6BD00AF9908 /* Debug */ = {
			isa = XCBuildConfiguration;
			buildSettings = {
				ALWAYS_SEARCH_USER_PATHS = NO;
				CLANG_ANALYZER_NONNULL = YES;
				CLANG_CXX_LANGUAGE_STANDARD = "gnu++0x";
				CLANG_CXX_LIBRARY = "libc++";
				CLANG_ENABLE_MODULES = YES;
				CLANG_ENABLE_OBJC_ARC = YES;
				CLANG_WARN_BOOL_CONVERSION = YES;
				CLANG_WARN_CONSTANT_CONVERSION = YES;
				CLANG_WARN_DIRECT_OBJC_ISA_USAGE = YES_ERROR;
				CLANG_WARN_EMPTY_BODY = YES;
				CLANG_WARN_ENUM_CONVERSION = YES;
				CLANG_WARN_INT_CONVERSION = YES;
				CLANG_WARN_OBJC_ROOT_CLASS = YES_ERROR;
				CLANG_WARN_UNREACHABLE_CODE = YES;
				CLANG_WARN__DUPLICATE_METHOD_MATCH = YES;
				"CODE_SIGN_IDENTITY[sdk=iphoneos*]" = "iPhone Developer";
				COPY_PHASE_STRIP = NO;
				DEBUG_INFORMATION_FORMAT = dwarf;
				ENABLE_STRICT_OBJC_MSGSEND = YES;
				ENABLE_TESTABILITY = YES;
				GCC_C_LANGUAGE_STANDARD = gnu99;
				GCC_DYNAMIC_NO_PIC = NO;
				GCC_NO_COMMON_BLOCKS = YES;
				GCC_OPTIMIZATION_LEVEL = 0;
				GCC_PREPROCESSOR_DEFINITIONS = (
					"DEBUG=1",
					"$(inherited)",
				);
				GCC_WARN_64_TO_32_BIT_CONVERSION = YES;
				GCC_WARN_ABOUT_RETURN_TYPE = YES_ERROR;
				GCC_WARN_UNDECLARED_SELECTOR = YES;
				GCC_WARN_UNINITIALIZED_AUTOS = YES_AGGRESSIVE;
				GCC_WARN_UNUSED_FUNCTION = YES;
				GCC_WARN_UNUSED_VARIABLE = YES;
				IPHONEOS_DEPLOYMENT_TARGET = 9.3;
				MTL_ENABLE_DEBUG_INFO = YES;
				ONLY_ACTIVE_ARCH = YES;
				SDKROOT = iphoneos;
				TARGETED_DEVICE_FAMILY = "1,2";
			};
			name = Debug;
		};
		1BE2C3DE1D14D6BD00AF9908 /* Release */ = {
			isa = XCBuildConfiguration;
			buildSettings = {
				ALWAYS_SEARCH_USER_PATHS = NO;
				CLANG_ANALYZER_NONNULL = YES;
				CLANG_CXX_LANGUAGE_STANDARD = "gnu++0x";
				CLANG_CXX_LIBRARY = "libc++";
				CLANG_ENABLE_MODULES = YES;
				CLANG_ENABLE_OBJC_ARC = YES;
				CLANG_WARN_BOOL_CONVERSION = YES;
				CLANG_WARN_CONSTANT_CONVERSION = YES;
				CLANG_WARN_DIRECT_OBJC_ISA_USAGE = YES_ERROR;
				CLANG_WARN_EMPTY_BODY = YES;
				CLANG_WARN_ENUM_CONVERSION = YES;
				CLANG_WARN_INT_CONVERSION = YES;
				CLANG_WARN_OBJC_ROOT_CLASS = YES_ERROR;
				CLANG_WARN_UNREACHABLE_CODE = YES;
				CLANG_WARN__DUPLICATE_METHOD_MATCH = YES;
				"CODE_SIGN_IDENTITY[sdk=iphoneos*]" = "iPhone Developer";
				COPY_PHASE_STRIP = NO;
				DEBUG_INFORMATION_FORMAT = "dwarf-with-dsym";
				ENABLE_NS_ASSERTIONS = NO;
				ENABLE_STRICT_OBJC_MSGSEND = YES;
				GCC_C_LANGUAGE_STANDARD = gnu99;
				GCC_NO_COMMON_BLOCKS = YES;
				GCC_WARN_64_TO_32_BIT_CONVERSION = YES;
				GCC_WARN_ABOUT_RETURN_TYPE = YES_ERROR;
				GCC_WARN_UNDECLARED_SELECTOR = YES;
				GCC_WARN_UNINITIALIZED_AUTOS = YES_AGGRESSIVE;
				GCC_WARN_UNUSED_FUNCTION = YES;
				GCC_WARN_UNUSED_VARIABLE = YES;
				IPHONEOS_DEPLOYMENT_TARGET = 9.3;
				MTL_ENABLE_DEBUG_INFO = NO;
				SDKROOT = iphoneos;
				TARGETED_DEVICE_FAMILY = "1,2";
				VALIDATE_PRODUCT = YES;
			};
			name = Release;
		};
		1BE2C3E01D14D6BD00AF9908 /* Debug */ = {
			isa = XCBuildConfiguration;
			buildSettings = {
				ASSETCATALOG_COMPILER_APPICON_NAME = AppIcon;
				CODE_SIGN_IDENTITY = "iPhone Developer";
				INFOPLIST_FILE = "VerCan'tPick/Info.plist";
				LD_RUNPATH_SEARCH_PATHS = "$(inherited) @executable_path/Frameworks";
				PRODUCT_BUNDLE_IDENTIFIER = "LL.VerCan-tPick";
				PRODUCT_NAME = "$(TARGET_NAME)";
			};
			name = Debug;
		};
		1BE2C3E11D14D6BD00AF9908 /* Release */ = {
			isa = XCBuildConfiguration;
			buildSettings = {
				ASSETCATALOG_COMPILER_APPICON_NAME = AppIcon;
				CODE_SIGN_IDENTITY = "iPhone Developer";
				INFOPLIST_FILE = "VerCan'tPick/Info.plist";
				LD_RUNPATH_SEARCH_PATHS = "$(inherited) @executable_path/Frameworks";
				PRODUCT_BUNDLE_IDENTIFIER = "LL.VerCan-tPick";
				PRODUCT_NAME = "$(TARGET_NAME)";
			};
			name = Release;
		};
/* End XCBuildConfiguration section */

/* Begin XCConfigurationList section */
		1BE2C3C31D14D6BD00AF9908 /* Build configuration list for PBXProject "VerCan'tPick" */ = {
			isa = XCConfigurationList;
			buildConfigurations = (
				1BE2C3DD1D14D6BD00AF9908 /* Debug */,
				1BE2C3DE1D14D6BD00AF9908 /* Release */,
			);
			defaultConfigurationIsVisible = 0;
			defaultConfigurationName = Release;
		};
		1BE2C3DF1D14D6BD00AF9908 /* Build configuration list for PBXNativeTarget "VerCan'tPick" */ = {
			isa = XCConfigurationList;
			buildConfigurations = (
				1BE2C3E01D14D6BD00AF9908 /* Debug */,
				1BE2C3E11D14D6BD00AF9908 /* Release */,
			);
			defaultConfigurationIsVisible = 0;
			defaultConfigurationName = Release;
		};
/* End XCConfigurationList section */

/* Begin XCVersionGroup section */
		1B8190711D1AFD9F000434DF /* DataModel.xcdatamodeld */ = {
			isa = XCVersionGroup;
			children = (
				1B8190721D1AFD9F000434DF /* DataModel.xcdatamodel */,
			);
			currentVersion = 1B8190721D1AFD9F000434DF /* DataModel.xcdatamodel */;
			name = DataModel.xcdatamodeld;
			path = ../DataModel.xcdatamodeld;
			sourceTree = "<group>";
			versionGroupType = wrapper.xcdatamodel;
		};
/* End XCVersionGroup section */
	};
	rootObject = 1BE2C3C01D14D6BD00AF9908 /* Project object */;
}
